
Microsoft Visual Studio Solution File, Format Version 12.00
# Visual Studio Version 17
VisualStudioVersion = 17.10.35122.118
MinimumVisualStudioVersion = 10.0.40219.1
Project("{FAE04EC0-301F-11D3-BF4B-00C04F79EFBC}") = "Entities", "Entities\Entities.csproj", "{08A7576C-60BE-41F0-AD02-DC26A18F2CA0}"
EndProject
Project("{FAE04EC0-301F-11D3-BF4B-00C04F79EFBC}") = "DataAccess", "DataAccess\DataAccess.csproj", "{EE35A123-AABC-4A81-AF4E-14F4D136AF6D}"
EndProject
Project("{FAE04EC0-301F-11D3-BF4B-00C04F79EFBC}") = "Business", "Business\Business.csproj", "{7A283459-7088-4DB3-B95E-1225415A5186}"
EndProject
Project("{FAE04EC0-301F-11D3-BF4B-00C04F79EFBC}") = "Core", "Core\Core.csproj", "{792BC9C2-D18F-4BC5-A29F-A21716E9BF49}"
EndProject
Project("{FAE04EC0-301F-11D3-BF4B-00C04F79EFBC}") = "WebAPI", "WebAPI\WebAPI.csproj", "{8FE1C817-4793-4427-9054-6D038C9C8C40}"
EndProject
Global
	GlobalSection(SolutionConfigurationPlatforms) = preSolution
		Debug|Any CPU = Debug|Any CPU
		Release|Any CPU = Release|Any CPU
	EndGlobalSection
	GlobalSection(ProjectConfigurationPlatforms) = postSolution
		{08A7576C-60BE-41F0-AD02-DC26A18F2CA0}.Debug|Any CPU.ActiveCfg = Debug|Any CPU
		{08A7576C-60BE-41F0-AD02-DC26A18F2CA0}.Debug|Any CPU.Build.0 = Debug|Any CPU
		{08A7576C-60BE-41F0-AD02-DC26A18F2CA0}.Release|Any CPU.ActiveCfg = Release|Any CPU
		{08A7576C-60BE-41F0-AD02-DC26A18F2CA0}.Release|Any CPU.Build.0 = Release|Any CPU
		{EE35A123-AABC-4A81-AF4E-14F4D136AF6D}.Debug|Any CPU.ActiveCfg = Debug|Any CPU
		{EE35A123-AABC-4A81-AF4E-14F4D136AF6D}.Debug|Any CPU.Build.0 = Debug|Any CPU
		{EE35A123-AABC-4A81-AF4E-14F4D136AF6D}.Release|Any CPU.ActiveCfg = Release|Any CPU
		{EE35A123-AABC-4A81-AF4E-14F4D136AF6D}.Release|Any CPU.Build.0 = Release|Any CPU
		{7A283459-7088-4DB3-B95E-1225415A5186}.Debug|Any CPU.ActiveCfg = Debug|Any CPU
		{7A283459-7088-4DB3-B95E-1225415A5186}.Debug|Any CPU.Build.0 = Debug|Any CPU
		{7A283459-7088-4DB3-B95E-1225415A5186}.Release|Any CPU.ActiveCfg = Release|Any CPU
		{7A283459-7088-4DB3-B95E-1225415A5186}.Release|Any CPU.Build.0 = Release|Any CPU
		{792BC9C2-D18F-4BC5-A29F-A21716E9BF49}.Debug|Any CPU.ActiveCfg = Debug|Any CPU
		{792BC9C2-D18F-4BC5-A29F-A21716E9BF49}.Debug|Any CPU.Build.0 = Debug|Any CPU
		{792BC9C2-D18F-4BC5-A29F-A21716E9BF49}.Release|Any CPU.ActiveCfg = Release|Any CPU
		{792BC9C2-D18F-4BC5-A29F-A21716E9BF49}.Release|Any CPU.Build.0 = Release|Any CPU
		{8FE1C817-4793-4427-9054-6D038C9C8C40}.Debug|Any CPU.ActiveCfg = Debug|Any CPU
		{8FE1C817-4793-4427-9054-6D038C9C8C40}.Debug|Any CPU.Build.0 = Debug|Any CPU
		{8FE1C817-4793-4427-9054-6D038C9C8C40}.Release|Any CPU.ActiveCfg = Release|Any CPU
		{8FE1C817-4793-4427-9054-6D038C9C8C40}.Release|Any CPU.Build.0 = Release|Any CPU
	EndGlobalSection
	GlobalSection(SolutionProperties) = preSolution
		HideSolutionNode = FALSE
	EndGlobalSection
	GlobalSection(ExtensibilityGlobals) = postSolution
		SolutionGuid = {1A8B0C00-4135-470E-8369-B2EBAEEDD7E8}
	EndGlobalSection
EndGlobal
